
Microsoft Visual Studio Solution File, Format Version 12.00
# Visual Studio Version 16
VisualStudioVersion = 16.0.32602.291
MinimumVisualStudioVersion = 10.0.40219.1
Project("{9A19103F-16F7-4668-BE54-9A1E7A4F7556}") = "YouBIMApi", "YouBIMApi\YouBIMApi.csproj", "{EDFC2578-6EFB-47F0-810F-F1E5D7ACA299}"
EndProject
Project("{FAE04EC0-301F-11D3-BF4B-00C04F79EFBC}") = "YouBIMApiTest", "YouBIMApiTest\YouBIMApiTest.csproj", "{765ACFC0-B64C-44D8-B878-F4F36F87CBE6}"
EndProject
Global
	GlobalSection(SolutionConfigurationPlatforms) = preSolution
		Debug|Any CPU = Debug|Any CPU
		Release|Any CPU = Release|Any CPU
	EndGlobalSection
	GlobalSection(ProjectConfigurationPlatforms) = postSolution
		{EDFC2578-6EFB-47F0-810F-F1E5D7ACA299}.Debug|Any CPU.ActiveCfg = Debug|Any CPU
		{EDFC2578-6EFB-47F0-810F-F1E5D7ACA299}.Debug|Any CPU.Build.0 = Debug|Any CPU
		{EDFC2578-6EFB-47F0-810F-F1E5D7ACA299}.Release|Any CPU.ActiveCfg = Release|Any CPU
		{EDFC2578-6EFB-47F0-810F-F1E5D7ACA299}.Release|Any CPU.Build.0 = Release|Any CPU
		{765ACFC0-B64C-44D8-B878-F4F36F87CBE6}.Debug|Any CPU.ActiveCfg = Debug|Any CPU
		{765ACFC0-B64C-44D8-B878-F4F36F87CBE6}.Debug|Any CPU.Build.0 = Debug|Any CPU
		{765ACFC0-B64C-44D8-B878-F4F36F87CBE6}.Release|Any CPU.ActiveCfg = Release|Any CPU
		{765ACFC0-B64C-44D8-B878-F4F36F87CBE6}.Release|Any CPU.Build.0 = Release|Any CPU
	EndGlobalSection
	GlobalSection(SolutionProperties) = preSolution
		HideSolutionNode = FALSE
	EndGlobalSection
	GlobalSection(ExtensibilityGlobals) = postSolution
		SolutionGuid = {BAC03420-C174-4E20-8BCF-0A8C2237621F}
	EndGlobalSection
EndGlobal
